# This file was autogenerated by Stack.
# You should not edit this file by hand.
# For more information, please see the documentation at:
#   https://docs.haskellstack.org/en/stable/lock_files

packages:
- completed:
    hackage: parsec-3.1.13.0@sha256:d56210cf092db6e43024d9e8871c7e05a8e9e36e9aec09356e5bd401ea8f5a0c,4121
    pantry-tree:
      size: 2572
      sha256: 4668989c4bc0e7ed127b854cde9ed60f949664f5c62cfe8d87011e1141d3a833
  original:
    hackage: parsec-3.1.13.0
- completed:
    hackage: mtl-2.2.2@sha256:1050fb71acd9f5d67da7d992583f5bd0eb14407b9dc7acc122af1b738b706ca3,2261
    pantry-tree:
      size: 1713
      sha256: b8bdc2259e2f943a7252fb164805666fe108ac959d398e0af27b43ba2ebc241c
  original:
    hackage: mtl-2.2.2
- completed:
    hackage: haskeline-0.7.4.3@sha256:43de1a6d343fc0635726ae6fcf8d6f739b547476b698b6d416f04114a28ebef8,4840
    pantry-tree:
      size: 2855
      sha256: 97b1d51ebc6ca6c85533ff7815c7bc2777b02ee8468b52c35fa7909ee745c725
  original:
    hackage: haskeline-0.7.4.3
- completed:
    hackage: HUnit-1.6.0.0@sha256:8014b27c884becd8041214a1ab263fa92244ca62700a911aff604a1047869298,1570
    pantry-tree:
      size: 878
      sha256: 270a6f8d6ef23eba3a9a1697aa244576abb168d10cb8e4736cf4add2b09eb650
  original:
    hackage: HUnit-1.6.0.0
- completed:
    hackage: hashmap-1.3.3@sha256:831096cd644d1b87f16c1933d19cdf938fe8f3911af7ed68b3e8c0bde4baeba4,2550
    pantry-tree:
      size: 419
      sha256: 82c97bb6ae7d0a2baa050aff9888160fdbe5e68cb25a3da583019f9012ef11aa
  original:
    hackage: hashmap-1.3.3
- completed:
    hackage: transformers-0.5.6.2@sha256:6c959d14430f4deffb99579ba019de07c3d852a2122b6f449344386c7d75ff1d,3172
    pantry-tree:
      size: 2512
      sha256: c79246ba7d61392c2f214376fed3c2a05e4b2649b93ec2c849a86493f278ace0
  original:
    hackage: transformers-0.5.6.2
- completed:
    hackage: directory-1.3.3.0@sha256:1deda12ae47de8ad980ea77dd00019e93bcb7f6e145579a992d2c6fa0e8b97be,2812
    pantry-tree:
      size: 3304
      sha256: 142c6dedd9e1a52a4573f7cb619058de193177ca3a2dfae96f153e135900b263
  original:
    hackage: directory-1.3.3.0
- completed:
    hackage: filepath-1.4.2.1@sha256:0a5334c8d6eb9b00cba7a07f2c4141d395d0b430861d04866c6a8d373aea59c1,2245
    pantry-tree:
      size: 681
      sha256: acea875d61ee692b87eef45d1e6f95e87bdb2289395c82d3e3972ea6e42fde50
  original:
    hackage: filepath-1.4.2.1
- completed:
    hackage: generic-deriving-1.13@sha256:eb57b01c73e27cbf60a907d03833dfac493e2a5d4446ef8706ad3ad27f10fd56,4183
    pantry-tree:
      size: 2191
      sha256: 01e4a758005af017a89ce615018e03a778c77f984a4bd8722ad8974b7294b02e
  original:
    hackage: generic-deriving-1.13
- completed:
    hackage: comonad-5.0.6@sha256:65117d3d9e75ded548d2bbbd5ca9f5e6e1e42ecee08175aa6a77666753f797e3,3348
    pantry-tree:
      size: 1819
      sha256: b48148ddd6bc8640126f4d034de93b9e6d114ba5c71e3272580285582c99109e
  original:
    hackage: comonad-5.0.6
snapshots:
- completed:
    size: 525663
    url: https://raw.githubusercontent.com/commercialhaskell/stackage-snapshots/master/lts/14/14.yaml
    sha256: 6edc48df46eb8bf7b861e98dd30d021a92c2e1820c9bb6528aac5d997b0e14ef
  original: lts-14.14
